
Microsoft Visual Studio Solution File, Format Version 12.00
# Visual Studio Version 17
VisualStudioVersion = 17.8.34525.116
MinimumVisualStudioVersion = 10.0.40219.1
Project("{FAE04EC0-301F-11D3-BF4B-00C04F79EFBC}") = "Midterm", "Midterm\Midterm.csproj", "{24E646A7-9BDE-4675-90C5-C03BAB4E92C1}"
EndProject
Global
	GlobalSection(SolutionConfigurationPlatforms) = preSolution
		Debug|Any CPU = Debug|Any CPU
		Release|Any CPU = Release|Any CPU
	EndGlobalSection
	GlobalSection(ProjectConfigurationPlatforms) = postSolution
		{24E646A7-9BDE-4675-90C5-C03BAB4E92C1}.Debug|Any CPU.ActiveCfg = Debug|Any CPU
		{24E646A7-9BDE-4675-90C5-C03BAB4E92C1}.Debug|Any CPU.Build.0 = Debug|Any CPU
		{24E646A7-9BDE-4675-90C5-C03BAB4E92C1}.Release|Any CPU.ActiveCfg = Release|Any CPU
		{24E646A7-9BDE-4675-90C5-C03BAB4E92C1}.Release|Any CPU.Build.0 = Release|Any CPU
	EndGlobalSection
	GlobalSection(SolutionProperties) = preSolution
		HideSolutionNode = FALSE
	EndGlobalSection
	GlobalSection(ExtensibilityGlobals) = postSolution
		SolutionGuid = {2B0FE7CB-7C12-4FC7-899C-3B21C85DA0C2}
	EndGlobalSection
EndGlobal
